
Microsoft Visual Studio Solution File, Format Version 12.00
# Visual Studio Version 17
VisualStudioVersion = 17.11.35303.130
MinimumVisualStudioVersion = 10.0.40219.1
Project("{FAE04EC0-301F-11D3-BF4B-00C04F79EFBC}") = "NotesApp", "NotesApp\NotesApp.csproj", "{B5B09E1C-17B0-4FAE-84D6-70F117624B71}"
EndProject
Global
	GlobalSection(SolutionConfigurationPlatforms) = preSolution
		Debug|Any CPU = Debug|Any CPU
		Release|Any CPU = Release|Any CPU
	EndGlobalSection
	GlobalSection(ProjectConfigurationPlatforms) = postSolution
		{B5B09E1C-17B0-4FAE-84D6-70F117624B71}.Debug|Any CPU.ActiveCfg = Debug|Any CPU
		{B5B09E1C-17B0-4FAE-84D6-70F117624B71}.Debug|Any CPU.Build.0 = Debug|Any CPU
		{B5B09E1C-17B0-4FAE-84D6-70F117624B71}.Release|Any CPU.ActiveCfg = Release|Any CPU
		{B5B09E1C-17B0-4FAE-84D6-70F117624B71}.Release|Any CPU.Build.0 = Release|Any CPU
	EndGlobalSection
	GlobalSection(SolutionProperties) = preSolution
		HideSolutionNode = FALSE
	EndGlobalSection
	GlobalSection(ExtensibilityGlobals) = postSolution
		SolutionGuid = {C2C02C5A-3B3A-46E3-9FE2-94F3A9F0AB24}
	EndGlobalSection
EndGlobal
